
Microsoft Visual Studio Solution File, Format Version 12.00
# Visual Studio Version 17
VisualStudioVersion = 17.1.32407.343
MinimumVisualStudioVersion = 10.0.40219.1
Project("{FAE04EC0-301F-11D3-BF4B-00C04F79EFBC}") = "Neurotuner", "Neurotuner\Neurotuner.csproj", "{AE87ABDC-DDDC-4120-A9FA-AE793E870675}"
EndProject
Global
	GlobalSection(SolutionConfigurationPlatforms) = preSolution
		Debug|Any CPU = Debug|Any CPU
		Release|Any CPU = Release|Any CPU
	EndGlobalSection
	GlobalSection(ProjectConfigurationPlatforms) = postSolution
		{AE87ABDC-DDDC-4120-A9FA-AE793E870675}.Debug|Any CPU.ActiveCfg = Debug|Any CPU
		{AE87ABDC-DDDC-4120-A9FA-AE793E870675}.Debug|Any CPU.Build.0 = Debug|Any CPU
		{AE87ABDC-DDDC-4120-A9FA-AE793E870675}.Release|Any CPU.ActiveCfg = Release|Any CPU
		{AE87ABDC-DDDC-4120-A9FA-AE793E870675}.Release|Any CPU.Build.0 = Release|Any CPU
	EndGlobalSection
	GlobalSection(SolutionProperties) = preSolution
		HideSolutionNode = FALSE
	EndGlobalSection
	GlobalSection(ExtensibilityGlobals) = postSolution
		SolutionGuid = {5C1A245C-09B3-4A44-BEAB-5EA519C46A7D}
	EndGlobalSection
EndGlobal
